// !$*UTF8*$!
{
	archiveVersion = 1;
	classes = {
	};
	objectVersion = 46;
	objects = {

/* Begin PBXBuildFile section */
		7B06E8EB13975D00000D2070 /* Foundation.framework in Frameworks */ = {isa = PBXBuildFile; fileRef = 08FB779EFE84155DC02AAC07 /* Foundation.framework */; };
		7B3B4035139C0E5B00586070 /* HBEnumerateComparison.m in Sources */ = {isa = PBXBuildFile; fileRef = 7B3B4034139C0E5B00586070 /* HBEnumerateComparison.m */; };
		7B3B4037139C124900586070 /* HBReduceComparison.m in Sources */ = {isa = PBXBuildFile; fileRef = 7B3B4036139C124900586070 /* HBReduceComparison.m */; };
		7B3B4041139C1B3100586070 /* HBBreakFilterMapComparison.m in Sources */ = {isa = PBXBuildFile; fileRef = 7B3B4040139C1B3100586070 /* HBBreakFilterMapComparison.m */; };
		7B3B4063139C89E600586070 /* HBConvenience.m in Sources */ = {isa = PBXBuildFile; fileRef = 7B3B4062139C89E600586070 /* HBConvenience.m */; };
		7B3B4068139C90FD00586070 /* HBInteresting.m in Sources */ = {isa = PBXBuildFile; fileRef = 7B3B4067139C90FD00586070 /* HBInteresting.m */; };
		7B57402013A48A1900544D47 /* HBBreakFilterMapSimple.m in Sources */ = {isa = PBXBuildFile; fileRef = 7B57401F13A48A1900544D47 /* HBBreakFilterMapSimple.m */; };
		7B78DADE13948D7500943402 /* NSArray+HBCollections.m in Sources */ = {isa = PBXBuildFile; fileRef = 7B78DADD13948D7500943402 /* NSArray+HBCollections.m */; };
		7B78DAE21394911500943402 /* NSSet+HBCollections.m in Sources */ = {isa = PBXBuildFile; fileRef = 7B78DAE11394911500943402 /* NSSet+HBCollections.m */; };
		7B78DAE51394981000943402 /* HBMapFilterOrBreakEnumerator.m in Sources */ = {isa = PBXBuildFile; fileRef = 7B78DAE41394981000943402 /* HBMapFilterOrBreakEnumerator.m */; };
		7B78DAFA13949AFC00943402 /* NSEnumeratorHBCollectionsConvenienceTest.m in Sources */ = {isa = PBXBuildFile; fileRef = 7B78DAF913949AFC00943402 /* NSEnumeratorHBCollectionsConvenienceTest.m */; };
		7B78DB4C1394A55500943402 /* NSArrayHBCollectionsConvenienceTest.m in Sources */ = {isa = PBXBuildFile; fileRef = 7B78DB4A1394A55500943402 /* NSArrayHBCollectionsConvenienceTest.m */; };
		7B78DB4D1394A55500943402 /* NSSetHBCollectionsConvenienceTest.m in Sources */ = {isa = PBXBuildFile; fileRef = 7B78DB4B1394A55500943402 /* NSSetHBCollectionsConvenienceTest.m */; };
		7B78DB7A1394AD6400943402 /* NSEnumeratorHBCollectionsEnumeratorTest.m in Sources */ = {isa = PBXBuildFile; fileRef = 7B78DB791394AD6400943402 /* NSEnumeratorHBCollectionsEnumeratorTest.m */; };
		7B7961AF13614A93003DFC43 /* NSEnumeratorHBCollectionsMapEnumeratorTest.m in Sources */ = {isa = PBXBuildFile; fileRef = 7B7961AC13614A93003DFC43 /* NSEnumeratorHBCollectionsMapEnumeratorTest.m */; };
		7B7B887813652FA70005D773 /* NSEnumerator+HBCollections.m in Sources */ = {isa = PBXBuildFile; fileRef = 7B7B887713652FA70005D773 /* NSEnumerator+HBCollections.m */; };
		7B8F65711378E24900A159FB /* NSEnumeratorHBCollectionsBreakEnumeratorTest.m in Sources */ = {isa = PBXBuildFile; fileRef = 7B8F65701378E24900A159FB /* NSEnumeratorHBCollectionsBreakEnumeratorTest.m */; };
		7B8F65981378E9FF00A159FB /* HBCollectionsPerformanceTest.m in Sources */ = {isa = PBXBuildFile; fileRef = 7B8F65971378E9FF00A159FB /* HBCollectionsPerformanceTest.m */; };
		7B8F65C51378F7F400A159FB /* NSEnumeratorHBCollectionsCallCountIntegrationTest.m in Sources */ = {isa = PBXBuildFile; fileRef = 7B8F65C41378F7F400A159FB /* NSEnumeratorHBCollectionsCallCountIntegrationTest.m */; };
		7B9ABE3B1395E5C800C98CA2 /* NSEnumeratorHBCollectionsReduceTest.m in Sources */ = {isa = PBXBuildFile; fileRef = 7B9ABE3A1395E5C800C98CA2 /* NSEnumeratorHBCollectionsReduceTest.m */; };
		7BC3DE7915F71167005A0227 /* GHUnit.framework in Frameworks */ = {isa = PBXBuildFile; fileRef = 7BC3DE7415F71158005A0227 /* GHUnit.framework */; };
		7BC3DE7C15F711A4005A0227 /* GHUnitTestMain.m in Sources */ = {isa = PBXBuildFile; fileRef = 7BC3DE7B15F711A4005A0227 /* GHUnitTestMain.m */; };
		7BC3DE7E15F7123F005A0227 /* OCMock.framework in Frameworks */ = {isa = PBXBuildFile; fileRef = 7BC3DE7D15F7123F005A0227 /* OCMock.framework */; };
		7BC751021372574300FF83E6 /* HBCollectionsTestCaseEnumerator.m in Sources */ = {isa = PBXBuildFile; fileRef = 7BC751011372574300FF83E6 /* HBCollectionsTestCaseEnumerator.m */; };
		7BC751051372581700FF83E6 /* HBCollectionsStackBufEnumerator.m in Sources */ = {isa = PBXBuildFile; fileRef = 7BC751041372581700FF83E6 /* HBCollectionsStackBufEnumerator.m */; };
		7BC75108137258C400FF83E6 /* HBCollectionsItemsPtrEnumerator.m in Sources */ = {isa = PBXBuildFile; fileRef = 7BC75107137258C400FF83E6 /* HBCollectionsItemsPtrEnumerator.m */; };
		7BC7510A1372595200FF83E6 /* HBCollectionsTestCaseEnumeratorTest.m in Sources */ = {isa = PBXBuildFile; fileRef = 7BC751091372595200FF83E6 /* HBCollectionsTestCaseEnumeratorTest.m */; };
		7BC7510C1372598200FF83E6 /* NSEnumeratorHBCollectionsFilterEnumeratorTest.m in Sources */ = {isa = PBXBuildFile; fileRef = 7BC7510B1372598200FF83E6 /* NSEnumeratorHBCollectionsFilterEnumeratorTest.m */; };
		7BC8E6FF13935C9700FE0FA2 /* NSEnumeratorHBCollectionsValuePassingIntegrationTest.m in Sources */ = {isa = PBXBuildFile; fileRef = 7BC8E6FE13935C9700FE0FA2 /* NSEnumeratorHBCollectionsValuePassingIntegrationTest.m */; };
/* End PBXBuildFile section */

/* Begin PBXContainerItemProxy section */
		7BC3DE7315F71158005A0227 /* PBXContainerItemProxy */ = {
			isa = PBXContainerItemProxy;
			containerPortal = 7BC3DE6A15F71157005A0227 /* GHUnitMacOSX.xcodeproj */;
			proxyType = 2;
			remoteGlobalIDString = 0083D08613BCFDDB00F71F21;
			remoteInfo = GHUnit;
		};
		7BC3DE7515F71158005A0227 /* PBXContainerItemProxy */ = {
			isa = PBXContainerItemProxy;
			containerPortal = 7BC3DE6A15F71157005A0227 /* GHUnitMacOSX.xcodeproj */;
			proxyType = 2;
			remoteGlobalIDString = 0083D13213BCFFA400F71F21;
			remoteInfo = Tests;
		};
		7BC3DE7715F71161005A0227 /* PBXContainerItemProxy */ = {
			isa = PBXContainerItemProxy;
			containerPortal = 7BC3DE6A15F71157005A0227 /* GHUnitMacOSX.xcodeproj */;
			proxyType = 1;
			remoteGlobalIDString = 0083D08513BCFDDB00F71F21;
			remoteInfo = GHUnit;
		};
/* End PBXContainerItemProxy section */

/* Begin PBXFileReference section */
		08FB779EFE84155DC02AAC07 /* Foundation.framework */ = {isa = PBXFileReference; lastKnownFileType = wrapper.framework; name = Foundation.framework; path = /System/Library/Frameworks/Foundation.framework; sourceTree = "<absolute>"; };
		7B3B4034139C0E5B00586070 /* HBEnumerateComparison.m */ = {isa = PBXFileReference; fileEncoding = 4; lastKnownFileType = sourcecode.c.objc; path = HBEnumerateComparison.m; sourceTree = "<group>"; };
		7B3B4036139C124900586070 /* HBReduceComparison.m */ = {isa = PBXFileReference; fileEncoding = 4; lastKnownFileType = sourcecode.c.objc; path = HBReduceComparison.m; sourceTree = "<group>"; };
		7B3B4040139C1B3100586070 /* HBBreakFilterMapComparison.m */ = {isa = PBXFileReference; fileEncoding = 4; lastKnownFileType = sourcecode.c.objc; path = HBBreakFilterMapComparison.m; sourceTree = "<group>"; };
		7B3B4062139C89E600586070 /* HBConvenience.m */ = {isa = PBXFileReference; fileEncoding = 4; lastKnownFileType = sourcecode.c.objc; path = HBConvenience.m; sourceTree = "<group>"; };
		7B3B4067139C90FD00586070 /* HBInteresting.m */ = {isa = PBXFileReference; fileEncoding = 4; lastKnownFileType = sourcecode.c.objc; path = HBInteresting.m; sourceTree = "<group>"; };
		7B57401F13A48A1900544D47 /* HBBreakFilterMapSimple.m */ = {isa = PBXFileReference; fileEncoding = 4; lastKnownFileType = sourcecode.c.objc; path = HBBreakFilterMapSimple.m; sourceTree = "<group>"; };
		7B57407913A4958300544D47 /* HBCollections.h */ = {isa = PBXFileReference; fileEncoding = 4; lastKnownFileType = sourcecode.c.h; path = HBCollections.h; sourceTree = "<group>"; };
		7B57409413A4982700544D47 /* LICENSE */ = {isa = PBXFileReference; fileEncoding = 4; lastKnownFileType = text; path = LICENSE; sourceTree = "<group>"; };
		7B57409513A4982700544D47 /* README.md */ = {isa = PBXFileReference; fileEncoding = 4; lastKnownFileType = text; path = README.md; sourceTree = "<group>"; };
		7B78DADC13948D7500943402 /* NSArray+HBCollections.h */ = {isa = PBXFileReference; fileEncoding = 4; lastKnownFileType = sourcecode.c.h; path = "NSArray+HBCollections.h"; sourceTree = "<group>"; };
		7B78DADD13948D7500943402 /* NSArray+HBCollections.m */ = {isa = PBXFileReference; fileEncoding = 4; lastKnownFileType = sourcecode.c.objc; path = "NSArray+HBCollections.m"; sourceTree = "<group>"; };
		7B78DADF13948E5000943402 /* HBCollection.h */ = {isa = PBXFileReference; fileEncoding = 4; lastKnownFileType = sourcecode.c.h; path = HBCollection.h; sourceTree = "<group>"; };
		7B78DAE01394911500943402 /* NSSet+HBCollections.h */ = {isa = PBXFileReference; fileEncoding = 4; lastKnownFileType = sourcecode.c.h; path = "NSSet+HBCollections.h"; sourceTree = "<group>"; };
		7B78DAE11394911500943402 /* NSSet+HBCollections.m */ = {isa = PBXFileReference; fileEncoding = 4; lastKnownFileType = sourcecode.c.objc; path = "NSSet+HBCollections.m"; sourceTree = "<group>"; };
		7B78DAE31394981000943402 /* HBMapFilterOrBreakEnumerator.h */ = {isa = PBXFileReference; fileEncoding = 4; lastKnownFileType = sourcecode.c.h; path = HBMapFilterOrBreakEnumerator.h; sourceTree = "<group>"; };
		7B78DAE41394981000943402 /* HBMapFilterOrBreakEnumerator.m */ = {isa = PBXFileReference; fileEncoding = 4; lastKnownFileType = sourcecode.c.objc; path = HBMapFilterOrBreakEnumerator.m; sourceTree = "<group>"; };
		7B78DAF913949AFC00943402 /* NSEnumeratorHBCollectionsConvenienceTest.m */ = {isa = PBXFileReference; fileEncoding = 4; lastKnownFileType = sourcecode.c.objc; path = NSEnumeratorHBCollectionsConvenienceTest.m; sourceTree = "<group>"; };
		7B78DB4A1394A55500943402 /* NSArrayHBCollectionsConvenienceTest.m */ = {isa = PBXFileReference; fileEncoding = 4; lastKnownFileType = sourcecode.c.objc; path = NSArrayHBCollectionsConvenienceTest.m; sourceTree = "<group>"; };
		7B78DB4B1394A55500943402 /* NSSetHBCollectionsConvenienceTest.m */ = {isa = PBXFileReference; fileEncoding = 4; lastKnownFileType = sourcecode.c.objc; path = NSSetHBCollectionsConvenienceTest.m; sourceTree = "<group>"; };
		7B78DB791394AD6400943402 /* NSEnumeratorHBCollectionsEnumeratorTest.m */ = {isa = PBXFileReference; fileEncoding = 4; lastKnownFileType = sourcecode.c.objc; path = NSEnumeratorHBCollectionsEnumeratorTest.m; sourceTree = "<group>"; };
		7B7961A113614A46003DFC43 /* UnitTests.app */ = {isa = PBXFileReference; explicitFileType = wrapper.application; includeInIndex = 0; path = UnitTests.app; sourceTree = BUILT_PRODUCTS_DIR; };
		7B7961A313614A46003DFC43 /* UnitTests-Info.plist */ = {isa = PBXFileReference; lastKnownFileType = text.plist.xml; path = "UnitTests-Info.plist"; sourceTree = "<group>"; };
		7B7961AC13614A93003DFC43 /* NSEnumeratorHBCollectionsMapEnumeratorTest.m */ = {isa = PBXFileReference; fileEncoding = 4; lastKnownFileType = sourcecode.c.objc; path = NSEnumeratorHBCollectionsMapEnumeratorTest.m; sourceTree = "<group>"; };
		7B7B887613652FA70005D773 /* NSEnumerator+HBCollections.h */ = {isa = PBXFileReference; fileEncoding = 4; lastKnownFileType = sourcecode.c.h; path = "NSEnumerator+HBCollections.h"; sourceTree = "<group>"; };
		7B7B887713652FA70005D773 /* NSEnumerator+HBCollections.m */ = {isa = PBXFileReference; fileEncoding = 4; lastKnownFileType = sourcecode.c.objc; path = "NSEnumerator+HBCollections.m"; sourceTree = "<group>"; };
		7B8F65701378E24900A159FB /* NSEnumeratorHBCollectionsBreakEnumeratorTest.m */ = {isa = PBXFileReference; fileEncoding = 4; lastKnownFileType = sourcecode.c.objc; path = NSEnumeratorHBCollectionsBreakEnumeratorTest.m; sourceTree = "<group>"; };
		7B8F65971378E9FF00A159FB /* HBCollectionsPerformanceTest.m */ = {isa = PBXFileReference; fileEncoding = 4; lastKnownFileType = sourcecode.c.objc; path = HBCollectionsPerformanceTest.m; sourceTree = "<group>"; };
		7B8F65C41378F7F400A159FB /* NSEnumeratorHBCollectionsCallCountIntegrationTest.m */ = {isa = PBXFileReference; fileEncoding = 4; lastKnownFileType = sourcecode.c.objc; path = NSEnumeratorHBCollectionsCallCountIntegrationTest.m; sourceTree = "<group>"; };
		7B9ABE3A1395E5C800C98CA2 /* NSEnumeratorHBCollectionsReduceTest.m */ = {isa = PBXFileReference; fileEncoding = 4; lastKnownFileType = sourcecode.c.objc; path = NSEnumeratorHBCollectionsReduceTest.m; sourceTree = "<group>"; };
		7BC3DE6A15F71157005A0227 /* GHUnitMacOSX.xcodeproj */ = {isa = PBXFileReference; lastKnownFileType = "wrapper.pb-project"; name = GHUnitMacOSX.xcodeproj; path = "gh-unit/Project-MacOSX/GHUnitMacOSX.xcodeproj"; sourceTree = "<group>"; };
		7BC3DE7B15F711A4005A0227 /* GHUnitTestMain.m */ = {isa = PBXFileReference; fileEncoding = 4; lastKnownFileType = sourcecode.c.objc; name = GHUnitTestMain.m; path = "Classes-MacOSX/GHUnitTestMain.m"; sourceTree = "<group>"; };
		7BC3DE7D15F7123F005A0227 /* OCMock.framework */ = {isa = PBXFileReference; lastKnownFileType = wrapper.framework; path = OCMock.framework; sourceTree = "<group>"; };
		7BC751001372574300FF83E6 /* HBCollectionsTestCaseEnumerator.h */ = {isa = PBXFileReference; fileEncoding = 4; lastKnownFileType = sourcecode.c.h; path = HBCollectionsTestCaseEnumerator.h; sourceTree = "<group>"; };
		7BC751011372574300FF83E6 /* HBCollectionsTestCaseEnumerator.m */ = {isa = PBXFileReference; fileEncoding = 4; lastKnownFileType = sourcecode.c.objc; path = HBCollectionsTestCaseEnumerator.m; sourceTree = "<group>"; };
		7BC751031372581700FF83E6 /* HBCollectionsStackBufEnumerator.h */ = {isa = PBXFileReference; fileEncoding = 4; lastKnownFileType = sourcecode.c.h; path = HBCollectionsStackBufEnumerator.h; sourceTree = "<group>"; };
		7BC751041372581700FF83E6 /* HBCollectionsStackBufEnumerator.m */ = {isa = PBXFileReference; fileEncoding = 4; lastKnownFileType = sourcecode.c.objc; path = HBCollectionsStackBufEnumerator.m; sourceTree = "<group>"; };
		7BC75106137258C400FF83E6 /* HBCollectionsItemsPtrEnumerator.h */ = {isa = PBXFileReference; fileEncoding = 4; lastKnownFileType = sourcecode.c.h; path = HBCollectionsItemsPtrEnumerator.h; sourceTree = "<group>"; };
		7BC75107137258C400FF83E6 /* HBCollectionsItemsPtrEnumerator.m */ = {isa = PBXFileReference; fileEncoding = 4; lastKnownFileType = sourcecode.c.objc; path = HBCollectionsItemsPtrEnumerator.m; sourceTree = "<group>"; };
		7BC751091372595200FF83E6 /* HBCollectionsTestCaseEnumeratorTest.m */ = {isa = PBXFileReference; fileEncoding = 4; lastKnownFileType = sourcecode.c.objc; path = HBCollectionsTestCaseEnumeratorTest.m; sourceTree = "<group>"; };
		7BC7510B1372598200FF83E6 /* NSEnumeratorHBCollectionsFilterEnumeratorTest.m */ = {isa = PBXFileReference; fileEncoding = 4; lastKnownFileType = sourcecode.c.objc; path = NSEnumeratorHBCollectionsFilterEnumeratorTest.m; sourceTree = "<group>"; };
		7BC8E6FE13935C9700FE0FA2 /* NSEnumeratorHBCollectionsValuePassingIntegrationTest.m */ = {isa = PBXFileReference; fileEncoding = 4; lastKnownFileType = sourcecode.c.objc; path = NSEnumeratorHBCollectionsValuePassingIntegrationTest.m; sourceTree = "<group>"; };
/* End PBXFileReference section */

/* Begin PBXFrameworksBuildPhase section */
		7B79619F13614A46003DFC43 /* Frameworks */ = {
			isa = PBXFrameworksBuildPhase;
			buildActionMask = 2147483647;
			files = (
				7BC3DE7915F71167005A0227 /* GHUnit.framework in Frameworks */,
				7B06E8EB13975D00000D2070 /* Foundation.framework in Frameworks */,
				7BC3DE7E15F7123F005A0227 /* OCMock.framework in Frameworks */,
			);
			runOnlyForDeploymentPostprocessing = 0;
		};
/* End PBXFrameworksBuildPhase section */

/* Begin PBXGroup section */
		08FB7794FE84155DC02AAC07 /* «PROJECTNAME» */ = {
			isa = PBXGroup;
			children = (
				7BC3DE7A15F71185005A0227 /* gh-unit */,
				7BC3DE6A15F71157005A0227 /* GHUnitMacOSX.xcodeproj */,
				7B3B4030139C0E0C00586070 /* Examples */,
				08FB779DFE84155DC02AAC07 /* Frameworks */,
				1AB674ADFE9D54B511CA2CBB /* Products */,
				08FB7795FE84155DC02AAC07 /* Source */,
				7BC7517813725C5200FF83E6 /* Test */,
				7B57409413A4982700544D47 /* LICENSE */,
				7B57409513A4982700544D47 /* README.md */,
			);
			name = "«PROJECTNAME»";
			sourceTree = "<group>";
		};
		08FB7795FE84155DC02AAC07 /* Source */ = {
			isa = PBXGroup;
			children = (
				7B78DADF13948E5000943402 /* HBCollection.h */,
				7B57407913A4958300544D47 /* HBCollections.h */,
				7B78DAE31394981000943402 /* HBMapFilterOrBreakEnumerator.h */,
				7B78DAE41394981000943402 /* HBMapFilterOrBreakEnumerator.m */,
				7B78DADC13948D7500943402 /* NSArray+HBCollections.h */,
				7B78DADD13948D7500943402 /* NSArray+HBCollections.m */,
				7B7B887613652FA70005D773 /* NSEnumerator+HBCollections.h */,
				7B7B887713652FA70005D773 /* NSEnumerator+HBCollections.m */,
				7B78DAE01394911500943402 /* NSSet+HBCollections.h */,
				7B78DAE11394911500943402 /* NSSet+HBCollections.m */,
			);
			path = Source;
			sourceTree = "<group>";
		};
		08FB779DFE84155DC02AAC07 /* Frameworks */ = {
			isa = PBXGroup;
			children = (
				08FB779EFE84155DC02AAC07 /* Foundation.framework */,
			);
			name = Frameworks;
			sourceTree = "<group>";
		};
		1AB674ADFE9D54B511CA2CBB /* Products */ = {
			isa = PBXGroup;
			children = (
				7B7961A113614A46003DFC43 /* UnitTests.app */,
			);
			name = Products;
			sourceTree = "<group>";
		};
		7B3B4030139C0E0C00586070 /* Examples */ = {
			isa = PBXGroup;
			children = (
				7B3B4040139C1B3100586070 /* HBBreakFilterMapComparison.m */,
				7B57401F13A48A1900544D47 /* HBBreakFilterMapSimple.m */,
				7B3B4062139C89E600586070 /* HBConvenience.m */,
				7B3B4034139C0E5B00586070 /* HBEnumerateComparison.m */,
				7B3B4067139C90FD00586070 /* HBInteresting.m */,
				7B3B4036139C124900586070 /* HBReduceComparison.m */,
			);
			path = Examples;
			sourceTree = "<group>";
		};
		7BC3DE6B15F71157005A0227 /* Products */ = {
			isa = PBXGroup;
			children = (
				7BC3DE7415F71158005A0227 /* GHUnit.framework */,
				7BC3DE7615F71158005A0227 /* Tests.app */,
			);
			name = Products;
			sourceTree = "<group>";
		};
		7BC3DE7A15F71185005A0227 /* gh-unit */ = {
			isa = PBXGroup;
			children = (
				7BC3DE7B15F711A4005A0227 /* GHUnitTestMain.m */,
			);
			path = "gh-unit";
			sourceTree = "<group>";
		};
		7BC7517813725C5200FF83E6 /* Test */ = {
			isa = PBXGroup;
			children = (
				7BC3DE7D15F7123F005A0227 /* OCMock.framework */,
				7BC75106137258C400FF83E6 /* HBCollectionsItemsPtrEnumerator.h */,
				7BC75107137258C400FF83E6 /* HBCollectionsItemsPtrEnumerator.m */,
				7B8F65971378E9FF00A159FB /* HBCollectionsPerformanceTest.m */,
				7BC751031372581700FF83E6 /* HBCollectionsStackBufEnumerator.h */,
				7BC751041372581700FF83E6 /* HBCollectionsStackBufEnumerator.m */,
				7BC751001372574300FF83E6 /* HBCollectionsTestCaseEnumerator.h */,
				7BC751011372574300FF83E6 /* HBCollectionsTestCaseEnumerator.m */,
				7BC751091372595200FF83E6 /* HBCollectionsTestCaseEnumeratorTest.m */,
				7B78DB4A1394A55500943402 /* NSArrayHBCollectionsConvenienceTest.m */,
				7B8F65701378E24900A159FB /* NSEnumeratorHBCollectionsBreakEnumeratorTest.m */,
				7B8F65C41378F7F400A159FB /* NSEnumeratorHBCollectionsCallCountIntegrationTest.m */,
				7B78DAF913949AFC00943402 /* NSEnumeratorHBCollectionsConvenienceTest.m */,
				7B78DB791394AD6400943402 /* NSEnumeratorHBCollectionsEnumeratorTest.m */,
				7BC7510B1372598200FF83E6 /* NSEnumeratorHBCollectionsFilterEnumeratorTest.m */,
				7B7961AC13614A93003DFC43 /* NSEnumeratorHBCollectionsMapEnumeratorTest.m */,
				7B9ABE3A1395E5C800C98CA2 /* NSEnumeratorHBCollectionsReduceTest.m */,
				7BC8E6FE13935C9700FE0FA2 /* NSEnumeratorHBCollectionsValuePassingIntegrationTest.m */,
				7B78DB4B1394A55500943402 /* NSSetHBCollectionsConvenienceTest.m */,
				7B7961A313614A46003DFC43 /* UnitTests-Info.plist */,
			);
			path = Test;
			sourceTree = "<group>";
		};
/* End PBXGroup section */

/* Begin PBXNativeTarget section */
		7B7961A013614A46003DFC43 /* UnitTests */ = {
			isa = PBXNativeTarget;
			buildConfigurationList = 7B7961A613614A46003DFC43 /* Build configuration list for PBXNativeTarget "UnitTests" */;
			buildPhases = (
				7B79619E13614A46003DFC43 /* Sources */,
				7B79619F13614A46003DFC43 /* Frameworks */,
			);
			buildRules = (
			);
			dependencies = (
				7BC3DE7815F71161005A0227 /* PBXTargetDependency */,
			);
			name = UnitTests;
			productName = UnitTests;
			productReference = 7B7961A113614A46003DFC43 /* UnitTests.app */;
			productType = "com.apple.product-type.application";
		};
/* End PBXNativeTarget section */

/* Begin PBXProject section */
		08FB7793FE84155DC02AAC07 /* Project object */ = {
			isa = PBXProject;
			attributes = {
				LastUpgradeCheck = 0440;
			};
			buildConfigurationList = 1DEB927808733DD40010E9CD /* Build configuration list for PBXProject "HBCollections" */;
			compatibilityVersion = "Xcode 3.2";
			developmentRegion = English;
			hasScannedForEncodings = 1;
			knownRegions = (
				English,
				Japanese,
				French,
				German,
			);
			mainGroup = 08FB7794FE84155DC02AAC07 /* «PROJECTNAME» */;
			projectDirPath = "";
			projectReferences = (
				{
					ProductGroup = 7BC3DE6B15F71157005A0227 /* Products */;
					ProjectRef = 7BC3DE6A15F71157005A0227 /* GHUnitMacOSX.xcodeproj */;
				},
			);
			projectRoot = "";
			targets = (
				7B7961A013614A46003DFC43 /* UnitTests */,
			);
		};
/* End PBXProject section */

/* Begin PBXReferenceProxy section */
		7BC3DE7415F71158005A0227 /* GHUnit.framework */ = {
			isa = PBXReferenceProxy;
			fileType = wrapper.framework;
			path = GHUnit.framework;
			remoteRef = 7BC3DE7315F71158005A0227 /* PBXContainerItemProxy */;
			sourceTree = BUILT_PRODUCTS_DIR;
		};
		7BC3DE7615F71158005A0227 /* Tests.app */ = {
			isa = PBXReferenceProxy;
			fileType = wrapper.application;
			path = Tests.app;
			remoteRef = 7BC3DE7515F71158005A0227 /* PBXContainerItemProxy */;
			sourceTree = BUILT_PRODUCTS_DIR;
		};
/* End PBXReferenceProxy section */

/* Begin PBXSourcesBuildPhase section */
		7B79619E13614A46003DFC43 /* Sources */ = {
			isa = PBXSourcesBuildPhase;
			buildActionMask = 2147483647;
			files = (
				7B7961AF13614A93003DFC43 /* NSEnumeratorHBCollectionsMapEnumeratorTest.m in Sources */,
				7B7B887813652FA70005D773 /* NSEnumerator+HBCollections.m in Sources */,
				7BC751021372574300FF83E6 /* HBCollectionsTestCaseEnumerator.m in Sources */,
				7BC751051372581700FF83E6 /* HBCollectionsStackBufEnumerator.m in Sources */,
				7BC75108137258C400FF83E6 /* HBCollectionsItemsPtrEnumerator.m in Sources */,
				7BC7510A1372595200FF83E6 /* HBCollectionsTestCaseEnumeratorTest.m in Sources */,
				7BC7510C1372598200FF83E6 /* NSEnumeratorHBCollectionsFilterEnumeratorTest.m in Sources */,
				7B8F65711378E24900A159FB /* NSEnumeratorHBCollectionsBreakEnumeratorTest.m in Sources */,
				7B8F65981378E9FF00A159FB /* HBCollectionsPerformanceTest.m in Sources */,
				7B8F65C51378F7F400A159FB /* NSEnumeratorHBCollectionsCallCountIntegrationTest.m in Sources */,
				7BC8E6FF13935C9700FE0FA2 /* NSEnumeratorHBCollectionsValuePassingIntegrationTest.m in Sources */,
				7B78DADE13948D7500943402 /* NSArray+HBCollections.m in Sources */,
				7B78DAE21394911500943402 /* NSSet+HBCollections.m in Sources */,
				7B78DAE51394981000943402 /* HBMapFilterOrBreakEnumerator.m in Sources */,
				7B78DAFA13949AFC00943402 /* NSEnumeratorHBCollectionsConvenienceTest.m in Sources */,
				7B78DB4C1394A55500943402 /* NSArrayHBCollectionsConvenienceTest.m in Sources */,
				7B78DB4D1394A55500943402 /* NSSetHBCollectionsConvenienceTest.m in Sources */,
				7B78DB7A1394AD6400943402 /* NSEnumeratorHBCollectionsEnumeratorTest.m in Sources */,
				7B9ABE3B1395E5C800C98CA2 /* NSEnumeratorHBCollectionsReduceTest.m in Sources */,
				7B3B4035139C0E5B00586070 /* HBEnumerateComparison.m in Sources */,
				7B3B4037139C124900586070 /* HBReduceComparison.m in Sources */,
				7B3B4041139C1B3100586070 /* HBBreakFilterMapComparison.m in Sources */,
				7B3B4063139C89E600586070 /* HBConvenience.m in Sources */,
				7B3B4068139C90FD00586070 /* HBInteresting.m in Sources */,
				7B57402013A48A1900544D47 /* HBBreakFilterMapSimple.m in Sources */,
				7BC3DE7C15F711A4005A0227 /* GHUnitTestMain.m in Sources */,
			);
			runOnlyForDeploymentPostprocessing = 0;
		};
/* End PBXSourcesBuildPhase section */

/* Begin PBXTargetDependency section */
		7BC3DE7815F71161005A0227 /* PBXTargetDependency */ = {
			isa = PBXTargetDependency;
			name = GHUnit;
			targetProxy = 7BC3DE7715F71161005A0227 /* PBXContainerItemProxy */;
		};
/* End PBXTargetDependency section */

/* Begin XCBuildConfiguration section */
		1DEB927908733DD40010E9CD /* Debug */ = {
			isa = XCBuildConfiguration;
			buildSettings = {
				ARCHS = "$(ARCHS_STANDARD_32_64_BIT)";
				CLANG_ENABLE_OBJC_ARC = YES;
				FRAMEWORK_SEARCH_PATHS = "\"$(SRCROOT)\"";
				GCC_C_LANGUAGE_STANDARD = c99;
				GCC_ENABLE_OBJC_GC = unsupported;
				GCC_WARN_ABOUT_RETURN_TYPE = YES;
				GCC_WARN_UNUSED_VARIABLE = YES;
				HEADER_SEARCH_PATHS = "\"$(SRCROOT)\"";
				LIBRARY_SEARCH_PATHS = "\"$(SRCROOT)\"";
				ONLY_ACTIVE_ARCH = YES;
				RUN_CLANG_STATIC_ANALYZER = YES;
				SDKROOT = macosx;
			};
			name = Debug;
		};
		1DEB927A08733DD40010E9CD /* Release */ = {
			isa = XCBuildConfiguration;
			buildSettings = {
				ARCHS = "$(ARCHS_STANDARD_32_64_BIT)";
				CLANG_ENABLE_OBJC_ARC = YES;
				FRAMEWORK_SEARCH_PATHS = "\"$(SRCROOT)\"";
				GCC_C_LANGUAGE_STANDARD = c99;
				GCC_ENABLE_OBJC_GC = unsupported;
				GCC_WARN_ABOUT_RETURN_TYPE = YES;
				GCC_WARN_UNUSED_VARIABLE = YES;
				HEADER_SEARCH_PATHS = "\"$(SRCROOT)\"";
				LIBRARY_SEARCH_PATHS = "\"$(SRCROOT)\"";
				RUN_CLANG_STATIC_ANALYZER = YES;
				SDKROOT = macosx;
			};
			name = Release;
		};
		7B7961A413614A46003DFC43 /* Debug */ = {
			isa = XCBuildConfiguration;
			buildSettings = {
				ALWAYS_SEARCH_USER_PATHS = NO;
				COMBINE_HIDPI_IMAGES = YES;
				COPY_PHASE_STRIP = NO;
				FRAMEWORK_SEARCH_PATHS = (
					"$(inherited)",
					"\"$(SRCROOT)\"",
					"\"$(SRCROOT)/Test\"",
				);
				GCC_DYNAMIC_NO_PIC = NO;
				GCC_MODEL_TUNING = G5;
				GCC_OPTIMIZATION_LEVEL = 0;
				GCC_PRECOMPILE_PREFIX_HEADER = YES;
				GCC_PREFIX_HEADER = "$(SYSTEM_LIBRARY_DIR)/Frameworks/AppKit.framework/Headers/AppKit.h";
				HEADER_SEARCH_PATHS = "$(inherited)";
				INFOPLIST_FILE = "Test/UnitTests-Info.plist";
				INSTALL_PATH = "$(HOME)/Applications";
				LD_RUNPATH_SEARCH_PATHS = "$(inherited) $(SRCROOT)/Test";
				OTHER_LDFLAGS = (
					"-framework",
					Foundation,
					"-framework",
					AppKit,
				);
				PRODUCT_NAME = UnitTests;
			};
			name = Debug;
		};
		7B7961A513614A46003DFC43 /* Release */ = {
			isa = XCBuildConfiguration;
			buildSettings = {
				ALWAYS_SEARCH_USER_PATHS = NO;
				COMBINE_HIDPI_IMAGES = YES;
				COPY_PHASE_STRIP = YES;
				DEBUG_INFORMATION_FORMAT = "dwarf-with-dsym";
				FRAMEWORK_SEARCH_PATHS = (
					"$(inherited)",
					"\"$(SRCROOT)\"",
					"\"$(SRCROOT)/Test\"",
				);
				GCC_MODEL_TUNING = G5;
				GCC_PRECOMPILE_PREFIX_HEADER = YES;
				GCC_PREFIX_HEADER = "$(SYSTEM_LIBRARY_DIR)/Frameworks/AppKit.framework/Headers/AppKit.h";
				HEADER_SEARCH_PATHS = "$(inherited)";
				INFOPLIST_FILE = "Test/UnitTests-Info.plist";
				INSTALL_PATH = "$(HOME)/Applications";
				LD_RUNPATH_SEARCH_PATHS = "$(inherited) $(SRCROOT)/Test";
				OTHER_LDFLAGS = (
					"-framework",
					Foundation,
					"-framework",
					AppKit,
				);
				PRODUCT_NAME = UnitTests;
				ZERO_LINK = NO;
			};
			name = Release;
		};
/* End XCBuildConfiguration section */

/* Begin XCConfigurationList section */
		1DEB927808733DD40010E9CD /* Build configuration list for PBXProject "HBCollections" */ = {
			isa = XCConfigurationList;
			buildConfigurations = (
				1DEB927908733DD40010E9CD /* Debug */,
				1DEB927A08733DD40010E9CD /* Release */,
			);
			defaultConfigurationIsVisible = 0;
			defaultConfigurationName = Release;
		};
		7B7961A613614A46003DFC43 /* Build configuration list for PBXNativeTarget "UnitTests" */ = {
			isa = XCConfigurationList;
			buildConfigurations = (
				7B7961A413614A46003DFC43 /* Debug */,
				7B7961A513614A46003DFC43 /* Release */,
			);
			defaultConfigurationIsVisible = 0;
			defaultConfigurationName = Release;
		};
/* End XCConfigurationList section */
	};
	rootObject = 08FB7793FE84155DC02AAC07 /* Project object */;
}
